PODS:
  - KIF (3.5.2):
    - KIF/Core (= 3.5.2)
  - KIF/Core (3.5.2)
  - SDWebImage (3.8.2):
    - SDWebImage/Core (= 3.8.2)
  - SDWebImage/Core (3.8.2)
  - Smooch (5.8.0)

DEPENDENCIES:
  - KIF (~> 3.0)
  - SDWebImage (~> 3.8)
  - Smooch

SPEC CHECKSUMS:
  KIF: f2a6025bb3f11692df675054a134d43a9ec2d7db
  SDWebImage: 098e97e6176540799c27e804c96653ee0833d13c
  Smooch: c9f9ee9c5a472f379d3067433b1e61e17e8011ac

PODFILE CHECKSUM: f17c9744c73cb7e1a58df14d5174b8a5332b9a33

COCOAPODS: 1.2.1
